
Microsoft Visual Studio Solution File, Format Version 12.00
# Visual Studio Version 17
VisualStudioVersion = 17.11.35327.3
MinimumVisualStudioVersion = 10.0.40219.1
Project("{FAE04EC0-301F-11D3-BF4B-00C04F79EFBC}") = "ftp", "ftp\ftp.csproj", "{3BE34AEB-D503-4E20-8FAA-61B85D2BF1F3}"
EndProject
Global
	GlobalSection(SolutionConfigurationPlatforms) = preSolution
		Debug|Any CPU = Debug|Any CPU
		Release|Any CPU = Release|Any CPU
	EndGlobalSection
	GlobalSection(ProjectConfigurationPlatforms) = postSolution
		{3BE34AEB-D503-4E20-8FAA-61B85D2BF1F3}.Debug|Any CPU.ActiveCfg = Debug|Any CPU
		{3BE34AEB-D503-4E20-8FAA-61B85D2BF1F3}.Debug|Any CPU.Build.0 = Debug|Any CPU
		{3BE34AEB-D503-4E20-8FAA-61B85D2BF1F3}.Release|Any CPU.ActiveCfg = Release|Any CPU
		{3BE34AEB-D503-4E20-8FAA-61B85D2BF1F3}.Release|Any CPU.Build.0 = Release|Any CPU
	EndGlobalSection
	GlobalSection(SolutionProperties) = preSolution
		HideSolutionNode = FALSE
	EndGlobalSection
	GlobalSection(ExtensibilityGlobals) = postSolution
		SolutionGuid = {11A0057D-5BBE-44C9-98CB-98633D20B115}
	EndGlobalSection
EndGlobal
